
Microsoft Visual Studio Solution File, Format Version 12.00
# Visual Studio Version 17
VisualStudioVersion = 17.13.35825.156
MinimumVisualStudioVersion = 10.0.40219.1
Project("{FAE04EC0-301F-11D3-BF4B-00C04F79EFBC}") = "Food", "Food\Food.csproj", "{B09D689A-0A41-45B3-951F-2E47510DCE3E}"
EndProject
Global
	GlobalSection(SolutionConfigurationPlatforms) = preSolution
		Debug|Any CPU = Debug|Any CPU
		Release|Any CPU = Release|Any CPU
	EndGlobalSection
	GlobalSection(ProjectConfigurationPlatforms) = postSolution
		{B09D689A-0A41-45B3-951F-2E47510DCE3E}.Debug|Any CPU.ActiveCfg = Debug|Any CPU
		{B09D689A-0A41-45B3-951F-2E47510DCE3E}.Debug|Any CPU.Build.0 = Debug|Any CPU
		{B09D689A-0A41-45B3-951F-2E47510DCE3E}.Release|Any CPU.ActiveCfg = Release|Any CPU
		{B09D689A-0A41-45B3-951F-2E47510DCE3E}.Release|Any CPU.Build.0 = Release|Any CPU
	EndGlobalSection
	GlobalSection(SolutionProperties) = preSolution
		HideSolutionNode = FALSE
	EndGlobalSection
	GlobalSection(ExtensibilityGlobals) = postSolution
		SolutionGuid = {805F1BA4-3E7F-4C7E-BAAA-19F188ACAF29}
	EndGlobalSection
EndGlobal
